
Microsoft Visual Studio Solution File, Format Version 12.00
# Visual Studio Version 17
VisualStudioVersion = 17.5.002.0
MinimumVisualStudioVersion = 10.0.40219.1
Project("{9A19103F-16F7-4668-BE54-9A1E7A4F7556}") = "code_challenge_21", "code_challenge_21.csproj", "{8697B6D2-C76D-4047-ABC3-1668F63E4C70}"
EndProject
Global
	GlobalSection(SolutionConfigurationPlatforms) = preSolution
		Debug|Any CPU = Debug|Any CPU
		Release|Any CPU = Release|Any CPU
	EndGlobalSection
	GlobalSection(ProjectConfigurationPlatforms) = postSolution
		{8697B6D2-C76D-4047-ABC3-1668F63E4C70}.Debug|Any CPU.ActiveCfg = Debug|Any CPU
		{8697B6D2-C76D-4047-ABC3-1668F63E4C70}.Debug|Any CPU.Build.0 = Debug|Any CPU
		{8697B6D2-C76D-4047-ABC3-1668F63E4C70}.Release|Any CPU.ActiveCfg = Release|Any CPU
		{8697B6D2-C76D-4047-ABC3-1668F63E4C70}.Release|Any CPU.Build.0 = Release|Any CPU
	EndGlobalSection
	GlobalSection(SolutionProperties) = preSolution
		HideSolutionNode = FALSE
	EndGlobalSection
	GlobalSection(ExtensibilityGlobals) = postSolution
		SolutionGuid = {E91E738F-E1A0-420B-B3B6-33D5CCB304FE}
	EndGlobalSection
EndGlobal
