
Microsoft Visual Studio Solution File, Format Version 12.00
# Visual Studio Version 17
VisualStudioVersion = 17.5.002.0
MinimumVisualStudioVersion = 10.0.40219.1
Project("{9A19103F-16F7-4668-BE54-9A1E7A4F7556}") = "code_challenge_1", "code_challenge_1.csproj", "{76F0B6AE-607B-439F-BB14-5C3C0372573C}"
EndProject
Global
	GlobalSection(SolutionConfigurationPlatforms) = preSolution
		Debug|Any CPU = Debug|Any CPU
		Release|Any CPU = Release|Any CPU
	EndGlobalSection
	GlobalSection(ProjectConfigurationPlatforms) = postSolution
		{76F0B6AE-607B-439F-BB14-5C3C0372573C}.Debug|Any CPU.ActiveCfg = Debug|Any CPU
		{76F0B6AE-607B-439F-BB14-5C3C0372573C}.Debug|Any CPU.Build.0 = Debug|Any CPU
		{76F0B6AE-607B-439F-BB14-5C3C0372573C}.Release|Any CPU.ActiveCfg = Release|Any CPU
		{76F0B6AE-607B-439F-BB14-5C3C0372573C}.Release|Any CPU.Build.0 = Release|Any CPU
	EndGlobalSection
	GlobalSection(SolutionProperties) = preSolution
		HideSolutionNode = FALSE
	EndGlobalSection
	GlobalSection(ExtensibilityGlobals) = postSolution
		SolutionGuid = {D1029E81-951F-4DC6-B697-2DC9E54AA960}
	EndGlobalSection
EndGlobal
