
Microsoft Visual Studio Solution File, Format Version 12.00
# Visual Studio Version 17
VisualStudioVersion = 17.5.002.0
MinimumVisualStudioVersion = 10.0.40219.1
Project("{9A19103F-16F7-4668-BE54-9A1E7A4F7556}") = "code_challenge_14", "code_challenge_14.csproj", "{F88F07ED-5E30-4553-887C-A4A4957E463E}"
EndProject
Global
	GlobalSection(SolutionConfigurationPlatforms) = preSolution
		Debug|Any CPU = Debug|Any CPU
		Release|Any CPU = Release|Any CPU
	EndGlobalSection
	GlobalSection(ProjectConfigurationPlatforms) = postSolution
		{F88F07ED-5E30-4553-887C-A4A4957E463E}.Debug|Any CPU.ActiveCfg = Debug|Any CPU
		{F88F07ED-5E30-4553-887C-A4A4957E463E}.Debug|Any CPU.Build.0 = Debug|Any CPU
		{F88F07ED-5E30-4553-887C-A4A4957E463E}.Release|Any CPU.ActiveCfg = Release|Any CPU
		{F88F07ED-5E30-4553-887C-A4A4957E463E}.Release|Any CPU.Build.0 = Release|Any CPU
	EndGlobalSection
	GlobalSection(SolutionProperties) = preSolution
		HideSolutionNode = FALSE
	EndGlobalSection
	GlobalSection(ExtensibilityGlobals) = postSolution
		SolutionGuid = {B943797D-5998-44CE-A439-32D844C4CECD}
	EndGlobalSection
EndGlobal
